
Microsoft Visual Studio Solution File, Format Version 12.00
# Visual Studio Version 17
VisualStudioVersion = 17.11.35312.102
MinimumVisualStudioVersion = 10.0.40219.1
Project("{FAE04EC0-301F-11D3-BF4B-00C04F79EFBC}") = "MyNotes", "MyNotes\MyNotes.csproj", "{E132947F-5A67-4307-98AB-71DFBB391699}"
EndProject
Global
	GlobalSection(SolutionConfigurationPlatforms) = preSolution
		Debug|Any CPU = Debug|Any CPU
		Release|Any CPU = Release|Any CPU
	EndGlobalSection
	GlobalSection(ProjectConfigurationPlatforms) = postSolution
		{E132947F-5A67-4307-98AB-71DFBB391699}.Debug|Any CPU.ActiveCfg = Debug|Any CPU
		{E132947F-5A67-4307-98AB-71DFBB391699}.Debug|Any CPU.Build.0 = Debug|Any CPU
		{E132947F-5A67-4307-98AB-71DFBB391699}.Release|Any CPU.ActiveCfg = Release|Any CPU
		{E132947F-5A67-4307-98AB-71DFBB391699}.Release|Any CPU.Build.0 = Release|Any CPU
	EndGlobalSection
	GlobalSection(SolutionProperties) = preSolution
		HideSolutionNode = FALSE
	EndGlobalSection
	GlobalSection(ExtensibilityGlobals) = postSolution
		SolutionGuid = {8EA2E456-1AE9-4469-8B84-B51B480A2FFC}
	EndGlobalSection
EndGlobal
